PODS:
  - EasySwiftHook (3.4.0):
    - libffi-iOS (~> 3.4.4-iOS)
  - libffi-iOS (3.4.4-iOS)

DEPENDENCIES:
  - EasySwiftHook

SPEC REPOS:
  trunk:
    - EasySwiftHook
    - libffi-iOS

SPEC CHECKSUMS:
  EasySwiftHook: bf9ddde66f9bee1ca728999a31ecbe7aeeee146b
  libffi-iOS: 092789907d6a6d09aa3df43920205c9aacb58726

PODFILE CHECKSUM: bd5299800d4d0b042ebb554db25a2833ed017ec2

COCOAPODS: 1.14.3
