// !$*UTF8*$!
{
	archiveVersion = 1;
	classes = {
	};
	objectVersion = 56;
	objects = {

/* Begin PBXBuildFile section */
		429699196A2F1CD79EAB8270 /* Pods_iOS_Conf_SG_2024_DemoTests.framework in Frameworks */ = {isa = PBXBuildFile; fileRef = BE9E137974F1484B40908B8C /* Pods_iOS_Conf_SG_2024_DemoTests.framework */; };
		A08DD3152B39C1E500B96AB2 /* SwiftHookTests.swift in Sources */ = {isa = PBXBuildFile; fileRef = A08DD3142B39C1E500B96AB2 /* SwiftHookTests.swift */; };
		A08DD3172B39C21100B96AB2 /* LibffiTests.swift in Sources */ = {isa = PBXBuildFile; fileRef = A08DD3162B39C21100B96AB2 /* LibffiTests.swift */; };
		A0A4DC912B3B11B400EC72A0 /* MethodSwizzlingTests.m in Sources */ = {isa = PBXBuildFile; fileRef = A0A4DC902B3B11B400EC72A0 /* MethodSwizzlingTests.m */; };
		A0B72CA52B46E6C400DC5162 /* KVOTests.swift in Sources */ = {isa = PBXBuildFile; fileRef = A0B72CA42B46E6C400DC5162 /* KVOTests.swift */; };
		A0EDCB792B3539DD0021F94E /* AppDelegate.swift in Sources */ = {isa = PBXBuildFile; fileRef = A0EDCB782B3539DD0021F94E /* AppDelegate.swift */; };
		A0EDCB7B2B3539DD0021F94E /* SceneDelegate.swift in Sources */ = {isa = PBXBuildFile; fileRef = A0EDCB7A2B3539DD0021F94E /* SceneDelegate.swift */; };
		A0EDCB7D2B3539DD0021F94E /* ViewController.swift in Sources */ = {isa = PBXBuildFile; fileRef = A0EDCB7C2B3539DD0021F94E /* ViewController.swift */; };
		A0EDCB802B3539DD0021F94E /* Main.storyboard in Resources */ = {isa = PBXBuildFile; fileRef = A0EDCB7E2B3539DD0021F94E /* Main.storyboard */; };
		A0EDCB822B3539DE0021F94E /* Assets.xcassets in Resources */ = {isa = PBXBuildFile; fileRef = A0EDCB812B3539DE0021F94E /* Assets.xcassets */; };
		A0EDCB852B3539DE0021F94E /* LaunchScreen.storyboard in Resources */ = {isa = PBXBuildFile; fileRef = A0EDCB832B3539DE0021F94E /* LaunchScreen.storyboard */; };
		B998EA9AF657B977DD2C02D6 /* Pods_iOS_Conf_SG_2024_Demo.framework in Frameworks */ = {isa = PBXBuildFile; fileRef = 009F63549FFE134A5CBDE3EA /* Pods_iOS_Conf_SG_2024_Demo.framework */; };
/* End PBXBuildFile section */

/* Begin PBXContainerItemProxy section */
		A0EDCB8C2B3539DE0021F94E /* PBXContainerItemProxy */ = {
			isa = PBXContainerItemProxy;
			containerPortal = A0EDCB6D2B3539DD0021F94E /* Project object */;
			proxyType = 1;
			remoteGlobalIDString = A0EDCB742B3539DD0021F94E;
			remoteInfo = "iOS-Conf-SG-2024-Demo";
		};
/* End PBXContainerItemProxy section */

/* Begin PBXFileReference section */
		009F63549FFE134A5CBDE3EA /* Pods_iOS_Conf_SG_2024_Demo.framework */ = {isa = PBXFileReference; explicitFileType = wrapper.framework; includeInIndex = 0; path = Pods_iOS_Conf_SG_2024_Demo.framework; sourceTree = BUILT_PRODUCTS_DIR; };
		49BFAABB4C45F82055AE3F37 /* Pods-iOS-Conf-SG-2024-DemoTests.release.xcconfig */ = {isa = PBXFileReference; includeInIndex = 1; lastKnownFileType = text.xcconfig; name = "Pods-iOS-Conf-SG-2024-DemoTests.release.xcconfig"; path = "Target Support Files/Pods-iOS-Conf-SG-2024-DemoTests/Pods-iOS-Conf-SG-2024-DemoTests.release.xcconfig"; sourceTree = "<group>"; };
		8F35C09A82643BF85331D7C3 /* Pods-iOS-Conf-SG-2024-DemoTests.debug.xcconfig */ = {isa = PBXFileReference; includeInIndex = 1; lastKnownFileType = text.xcconfig; name = "Pods-iOS-Conf-SG-2024-DemoTests.debug.xcconfig"; path = "Target Support Files/Pods-iOS-Conf-SG-2024-DemoTests/Pods-iOS-Conf-SG-2024-DemoTests.debug.xcconfig"; sourceTree = "<group>"; };
		A08DD3142B39C1E500B96AB2 /* SwiftHookTests.swift */ = {isa = PBXFileReference; lastKnownFileType = sourcecode.swift; path = SwiftHookTests.swift; sourceTree = "<group>"; };
		A08DD3162B39C21100B96AB2 /* LibffiTests.swift */ = {isa = PBXFileReference; lastKnownFileType = sourcecode.swift; path = LibffiTests.swift; sourceTree = "<group>"; };
		A0A4DC8F2B3B11B400EC72A0 /* iOS-Conf-SG-2024-DemoTests-Bridging-Header.h */ = {isa = PBXFileReference; lastKnownFileType = sourcecode.c.h; path = "iOS-Conf-SG-2024-DemoTests-Bridging-Header.h"; sourceTree = "<group>"; };
		A0A4DC902B3B11B400EC72A0 /* MethodSwizzlingTests.m */ = {isa = PBXFileReference; lastKnownFileType = sourcecode.c.objc; path = MethodSwizzlingTests.m; sourceTree = "<group>"; };
		A0B72CA42B46E6C400DC5162 /* KVOTests.swift */ = {isa = PBXFileReference; lastKnownFileType = sourcecode.swift; path = KVOTests.swift; sourceTree = "<group>"; };
		A0EDCB752B3539DD0021F94E /* iOS-Conf-SG-2024-Demo.app */ = {isa = PBXFileReference; explicitFileType = wrapper.application; includeInIndex = 0; path = "iOS-Conf-SG-2024-Demo.app"; sourceTree = BUILT_PRODUCTS_DIR; };
		A0EDCB782B3539DD0021F94E /* AppDelegate.swift */ = {isa = PBXFileReference; lastKnownFileType = sourcecode.swift; path = AppDelegate.swift; sourceTree = "<group>"; };
		A0EDCB7A2B3539DD0021F94E /* SceneDelegate.swift */ = {isa = PBXFileReference; lastKnownFileType = sourcecode.swift; path = SceneDelegate.swift; sourceTree = "<group>"; };
		A0EDCB7C2B3539DD0021F94E /* ViewController.swift */ = {isa = PBXFileReference; lastKnownFileType = sourcecode.swift; path = ViewController.swift; sourceTree = "<group>"; };
		A0EDCB7F2B3539DD0021F94E /* Base */ = {isa = PBXFileReference; lastKnownFileType = file.storyboard; name = Base; path = Base.lproj/Main.storyboard; sourceTree = "<group>"; };
		A0EDCB812B3539DE0021F94E /* Assets.xcassets */ = {isa = PBXFileReference; lastKnownFileType = folder.assetcatalog; path = Assets.xcassets; sourceTree = "<group>"; };
		A0EDCB842B3539DE0021F94E /* Base */ = {isa = PBXFileReference; lastKnownFileType = file.storyboard; name = Base; path = Base.lproj/LaunchScreen.storyboard; sourceTree = "<group>"; };
		A0EDCB862B3539DE0021F94E /* Info.plist */ = {isa = PBXFileReference; lastKnownFileType = text.plist.xml; path = Info.plist; sourceTree = "<group>"; };
		A0EDCB8B2B3539DE0021F94E /* iOS-Conf-SG-2024-DemoTests.xctest */ = {isa = PBXFileReference; explicitFileType = wrapper.cfbundle; includeInIndex = 0; path = "iOS-Conf-SG-2024-DemoTests.xctest"; sourceTree = BUILT_PRODUCTS_DIR; };
		B47C490F07288156FE5BB1BB /* Pods-iOS-Conf-SG-2024-Demo.release.xcconfig */ = {isa = PBXFileReference; includeInIndex = 1; lastKnownFileType = text.xcconfig; name = "Pods-iOS-Conf-SG-2024-Demo.release.xcconfig"; path = "Target Support Files/Pods-iOS-Conf-SG-2024-Demo/Pods-iOS-Conf-SG-2024-Demo.release.xcconfig"; sourceTree = "<group>"; };
		BE9E137974F1484B40908B8C /* Pods_iOS_Conf_SG_2024_DemoTests.framework */ = {isa = PBXFileReference; explicitFileType = wrapper.framework; includeInIndex = 0; path = Pods_iOS_Conf_SG_2024_DemoTests.framework; sourceTree = BUILT_PRODUCTS_DIR; };
		F6DF093EFBFFB51ACB4E7DA2 /* Pods-iOS-Conf-SG-2024-Demo.debug.xcconfig */ = {isa = PBXFileReference; includeInIndex = 1; lastKnownFileType = text.xcconfig; name = "Pods-iOS-Conf-SG-2024-Demo.debug.xcconfig"; path = "Target Support Files/Pods-iOS-Conf-SG-2024-Demo/Pods-iOS-Conf-SG-2024-Demo.debug.xcconfig"; sourceTree = "<group>"; };
/* End PBXFileReference section */

/* Begin PBXFrameworksBuildPhase section */
		A0EDCB722B3539DD0021F94E /* Frameworks */ = {
			isa = PBXFrameworksBuildPhase;
			buildActionMask = 2147483647;
			files = (
				B998EA9AF657B977DD2C02D6 /* Pods_iOS_Conf_SG_2024_Demo.framework in Frameworks */,
			);
			runOnlyForDeploymentPostprocessing = 0;
		};
		A0EDCB882B3539DE0021F94E /* Frameworks */ = {
			isa = PBXFrameworksBuildPhase;
			buildActionMask = 2147483647;
			files = (
				429699196A2F1CD79EAB8270 /* Pods_iOS_Conf_SG_2024_DemoTests.framework in Frameworks */,
			);
			runOnlyForDeploymentPostprocessing = 0;
		};
/* End PBXFrameworksBuildPhase section */

/* Begin PBXGroup section */
		38B03E4F5763B88A41AD78D6 /* Pods */ = {
			isa = PBXGroup;
			children = (
				F6DF093EFBFFB51ACB4E7DA2 /* Pods-iOS-Conf-SG-2024-Demo.debug.xcconfig */,
				B47C490F07288156FE5BB1BB /* Pods-iOS-Conf-SG-2024-Demo.release.xcconfig */,
				8F35C09A82643BF85331D7C3 /* Pods-iOS-Conf-SG-2024-DemoTests.debug.xcconfig */,
				49BFAABB4C45F82055AE3F37 /* Pods-iOS-Conf-SG-2024-DemoTests.release.xcconfig */,
			);
			path = Pods;
			sourceTree = "<group>";
		};
		3A57A5D8D2D4458FE0331644 /* Frameworks */ = {
			isa = PBXGroup;
			children = (
				009F63549FFE134A5CBDE3EA /* Pods_iOS_Conf_SG_2024_Demo.framework */,
				BE9E137974F1484B40908B8C /* Pods_iOS_Conf_SG_2024_DemoTests.framework */,
			);
			name = Frameworks;
			sourceTree = "<group>";
		};
		A0EDCB6C2B3539DD0021F94E = {
			isa = PBXGroup;
			children = (
				A0EDCB772B3539DD0021F94E /* iOS-Conf-SG-2024-Demo */,
				A0EDCB8E2B3539DE0021F94E /* iOS-Conf-SG-2024-DemoTests */,
				A0EDCB762B3539DD0021F94E /* Products */,
				38B03E4F5763B88A41AD78D6 /* Pods */,
				3A57A5D8D2D4458FE0331644 /* Frameworks */,
			);
			sourceTree = "<group>";
		};
		A0EDCB762B3539DD0021F94E /* Products */ = {
			isa = PBXGroup;
			children = (
				A0EDCB752B3539DD0021F94E /* iOS-Conf-SG-2024-Demo.app */,
				A0EDCB8B2B3539DE0021F94E /* iOS-Conf-SG-2024-DemoTests.xctest */,
			);
			name = Products;
			sourceTree = "<group>";
		};
		A0EDCB772B3539DD0021F94E /* iOS-Conf-SG-2024-Demo */ = {
			isa = PBXGroup;
			children = (
				A0EDCB782B3539DD0021F94E /* AppDelegate.swift */,
				A0EDCB7A2B3539DD0021F94E /* SceneDelegate.swift */,
				A0EDCB7C2B3539DD0021F94E /* ViewController.swift */,
				A0EDCB7E2B3539DD0021F94E /* Main.storyboard */,
				A0EDCB812B3539DE0021F94E /* Assets.xcassets */,
				A0EDCB832B3539DE0021F94E /* LaunchScreen.storyboard */,
				A0EDCB862B3539DE0021F94E /* Info.plist */,
			);
			path = "iOS-Conf-SG-2024-Demo";
			sourceTree = "<group>";
		};
		A0EDCB8E2B3539DE0021F94E /* iOS-Conf-SG-2024-DemoTests */ = {
			isa = PBXGroup;
			children = (
				A08DD3142B39C1E500B96AB2 /* SwiftHookTests.swift */,
				A0A4DC902B3B11B400EC72A0 /* MethodSwizzlingTests.m */,
				A0B72CA42B46E6C400DC5162 /* KVOTests.swift */,
				A08DD3162B39C21100B96AB2 /* LibffiTests.swift */,
				A0A4DC8F2B3B11B400EC72A0 /* iOS-Conf-SG-2024-DemoTests-Bridging-Header.h */,
			);
			path = "iOS-Conf-SG-2024-DemoTests";
			sourceTree = "<group>";
		};
/* End PBXGroup section */

/* Begin PBXNativeTarget section */
		A0EDCB742B3539DD0021F94E /* iOS-Conf-SG-2024-Demo */ = {
			isa = PBXNativeTarget;
			buildConfigurationList = A0EDCB9F2B3539DE0021F94E /* Build configuration list for PBXNativeTarget "iOS-Conf-SG-2024-Demo" */;
			buildPhases = (
				B53A15BED145068B32067B36 /* [CP] Check Pods Manifest.lock */,
				A0EDCB712B3539DD0021F94E /* Sources */,
				A0EDCB722B3539DD0021F94E /* Frameworks */,
				A0EDCB732B3539DD0021F94E /* Resources */,
			);
			buildRules = (
			);
			dependencies = (
			);
			name = "iOS-Conf-SG-2024-Demo";
			productName = "iOS-Conf-SG-2024-Demo";
			productReference = A0EDCB752B3539DD0021F94E /* iOS-Conf-SG-2024-Demo.app */;
			productType = "com.apple.product-type.application";
		};
		A0EDCB8A2B3539DE0021F94E /* iOS-Conf-SG-2024-DemoTests */ = {
			isa = PBXNativeTarget;
			buildConfigurationList = A0EDCBA22B3539DE0021F94E /* Build configuration list for PBXNativeTarget "iOS-Conf-SG-2024-DemoTests" */;
			buildPhases = (
				976137F3504F3BDEB5460FDC /* [CP] Check Pods Manifest.lock */,
				A0EDCB872B3539DE0021F94E /* Sources */,
				A0EDCB882B3539DE0021F94E /* Frameworks */,
				A0EDCB892B3539DE0021F94E /* Resources */,
				1AB1A43EB7A5AD902374CB31 /* [CP] Embed Pods Frameworks */,
			);
			buildRules = (
			);
			dependencies = (
				A0EDCB8D2B3539DE0021F94E /* PBXTargetDependency */,
			);
			name = "iOS-Conf-SG-2024-DemoTests";
			productName = "iOS-Conf-SG-2024-DemoTests";
			productReference = A0EDCB8B2B3539DE0021F94E /* iOS-Conf-SG-2024-DemoTests.xctest */;
			productType = "com.apple.product-type.bundle.unit-test";
		};
/* End PBXNativeTarget section */

/* Begin PBXProject section */
		A0EDCB6D2B3539DD0021F94E /* Project object */ = {
			isa = PBXProject;
			attributes = {
				BuildIndependentTargetsInParallel = 1;
				LastSwiftUpdateCheck = 1510;
				LastUpgradeCheck = 1510;
				TargetAttributes = {
					A0EDCB742B3539DD0021F94E = {
						CreatedOnToolsVersion = 15.1;
					};
					A0EDCB8A2B3539DE0021F94E = {
						CreatedOnToolsVersion = 15.1;
						LastSwiftMigration = 1510;
						TestTargetID = A0EDCB742B3539DD0021F94E;
					};
				};
			};
			buildConfigurationList = A0EDCB702B3539DD0021F94E /* Build configuration list for PBXProject "iOS-Conf-SG-2024-Demo" */;
			compatibilityVersion = "Xcode 14.0";
			developmentRegion = en;
			hasScannedForEncodings = 0;
			knownRegions = (
				en,
				Base,
			);
			mainGroup = A0EDCB6C2B3539DD0021F94E;
			productRefGroup = A0EDCB762B3539DD0021F94E /* Products */;
			projectDirPath = "";
			projectRoot = "";
			targets = (
				A0EDCB742B3539DD0021F94E /* iOS-Conf-SG-2024-Demo */,
				A0EDCB8A2B3539DE0021F94E /* iOS-Conf-SG-2024-DemoTests */,
			);
		};
/* End PBXProject section */

/* Begin PBXResourcesBuildPhase section */
		A0EDCB732B3539DD0021F94E /* Resources */ = {
			isa = PBXResourcesBuildPhase;
			buildActionMask = 2147483647;
			files = (
				A0EDCB852B3539DE0021F94E /* LaunchScreen.storyboard in Resources */,
				A0EDCB822B3539DE0021F94E /* Assets.xcassets in Resources */,
				A0EDCB802B3539DD0021F94E /* Main.storyboard in Resources */,
			);
			runOnlyForDeploymentPostprocessing = 0;
		};
		A0EDCB892B3539DE0021F94E /* Resources */ = {
			isa = PBXResourcesBuildPhase;
			buildActionMask = 2147483647;
			files = (
			);
			runOnlyForDeploymentPostprocessing = 0;
		};
/* End PBXResourcesBuildPhase section */

/* Begin PBXShellScriptBuildPhase section */
		1AB1A43EB7A5AD902374CB31 /* [CP] Embed Pods Frameworks */ = {
			isa = PBXShellScriptBuildPhase;
			buildActionMask = 2147483647;
			files = (
			);
			inputFileListPaths = (
				"${PODS_ROOT}/Target Support Files/Pods-iOS-Conf-SG-2024-DemoTests/Pods-iOS-Conf-SG-2024-DemoTests-frameworks-${CONFIGURATION}-input-files.xcfilelist",
			);
			name = "[CP] Embed Pods Frameworks";
			outputFileListPaths = (
				"${PODS_ROOT}/Target Support Files/Pods-iOS-Conf-SG-2024-DemoTests/Pods-iOS-Conf-SG-2024-DemoTests-frameworks-${CONFIGURATION}-output-files.xcfilelist",
			);
			runOnlyForDeploymentPostprocessing = 0;
			shellPath = /bin/sh;
			shellScript = "\"${PODS_ROOT}/Target Support Files/Pods-iOS-Conf-SG-2024-DemoTests/Pods-iOS-Conf-SG-2024-DemoTests-frameworks.sh\"\n";
			showEnvVarsInLog = 0;
		};
		976137F3504F3BDEB5460FDC /* [CP] Check Pods Manifest.lock */ = {
			isa = PBXShellScriptBuildPhase;
			buildActionMask = 2147483647;
			files = (
			);
			inputFileListPaths = (
			);
			inputPaths = (
				"${PODS_PODFILE_DIR_PATH}/Podfile.lock",
				"${PODS_ROOT}/Manifest.lock",
			);
			name = "[CP] Check Pods Manifest.lock";
			outputFileListPaths = (
			);
			outputPaths = (
				"$(DERIVED_FILE_DIR)/Pods-iOS-Conf-SG-2024-DemoTests-checkManifestLockResult.txt",
			);
			runOnlyForDeploymentPostprocessing = 0;
			shellPath = /bin/sh;
			shellScript = "diff \"${PODS_PODFILE_DIR_PATH}/Podfile.lock\" \"${PODS_ROOT}/Manifest.lock\" > /dev/null\nif [ $? != 0 ] ; then\n    # print error to STDERR\n    echo \"error: The sandbox is not in sync with the Podfile.lock. Run 'pod install' or update your CocoaPods installation.\" >&2\n    exit 1\nfi\n# This output is used by Xcode 'outputs' to avoid re-running this script phase.\necho \"SUCCESS\" > \"${SCRIPT_OUTPUT_FILE_0}\"\n";
			showEnvVarsInLog = 0;
		};
		B53A15BED145068B32067B36 /* [CP] Check Pods Manifest.lock */ = {
			isa = PBXShellScriptBuildPhase;
			buildActionMask = 2147483647;
			files = (
			);
			inputFileListPaths = (
			);
			inputPaths = (
				"${PODS_PODFILE_DIR_PATH}/Podfile.lock",
				"${PODS_ROOT}/Manifest.lock",
			);
			name = "[CP] Check Pods Manifest.lock";
			outputFileListPaths = (
			);
			outputPaths = (
				"$(DERIVED_FILE_DIR)/Pods-iOS-Conf-SG-2024-Demo-checkManifestLockResult.txt",
			);
			runOnlyForDeploymentPostprocessing = 0;
			shellPath = /bin/sh;
			shellScript = "diff \"${PODS_PODFILE_DIR_PATH}/Podfile.lock\" \"${PODS_ROOT}/Manifest.lock\" > /dev/null\nif [ $? != 0 ] ; then\n    # print error to STDERR\n    echo \"error: The sandbox is not in sync with the Podfile.lock. Run 'pod install' or update your CocoaPods installation.\" >&2\n    exit 1\nfi\n# This output is used by Xcode 'outputs' to avoid re-running this script phase.\necho \"SUCCESS\" > \"${SCRIPT_OUTPUT_FILE_0}\"\n";
			showEnvVarsInLog = 0;
		};
/* End PBXShellScriptBuildPhase section */

/* Begin PBXSourcesBuildPhase section */
		A0EDCB712B3539DD0021F94E /* Sources */ = {
			isa = PBXSourcesBuildPhase;
			buildActionMask = 2147483647;
			files = (
				A0EDCB7D2B3539DD0021F94E /* ViewController.swift in Sources */,
				A0EDCB792B3539DD0021F94E /* AppDelegate.swift in Sources */,
				A0EDCB7B2B3539DD0021F94E /* SceneDelegate.swift in Sources */,
			);
			runOnlyForDeploymentPostprocessing = 0;
		};
		A0EDCB872B3539DE0021F94E /* Sources */ = {
			isa = PBXSourcesBuildPhase;
			buildActionMask = 2147483647;
			files = (
				A0B72CA52B46E6C400DC5162 /* KVOTests.swift in Sources */,
				A08DD3172B39C21100B96AB2 /* LibffiTests.swift in Sources */,
				A0A4DC912B3B11B400EC72A0 /* MethodSwizzlingTests.m in Sources */,
				A08DD3152B39C1E500B96AB2 /* SwiftHookTests.swift in Sources */,
			);
			runOnlyForDeploymentPostprocessing = 0;
		};
/* End PBXSourcesBuildPhase section */

/* Begin PBXTargetDependency section */
		A0EDCB8D2B3539DE0021F94E /* PBXTargetDependency */ = {
			isa = PBXTargetDependency;
			target = A0EDCB742B3539DD0021F94E /* iOS-Conf-SG-2024-Demo */;
			targetProxy = A0EDCB8C2B3539DE0021F94E /* PBXContainerItemProxy */;
		};
/* End PBXTargetDependency section */

/* Begin PBXVariantGroup section */
		A0EDCB7E2B3539DD0021F94E /* Main.storyboard */ = {
			isa = PBXVariantGroup;
			children = (
				A0EDCB7F2B3539DD0021F94E /* Base */,
			);
			name = Main.storyboard;
			sourceTree = "<group>";
		};
		A0EDCB832B3539DE0021F94E /* LaunchScreen.storyboard */ = {
			isa = PBXVariantGroup;
			children = (
				A0EDCB842B3539DE0021F94E /* Base */,
			);
			name = LaunchScreen.storyboard;
			sourceTree = "<group>";
		};
/* End PBXVariantGroup section */

/* Begin XCBuildConfiguration section */
		A0EDCB9D2B3539DE0021F94E /* Debug */ = {
			isa = XCBuildConfiguration;
			buildSettings = {
				ALWAYS_SEARCH_USER_PATHS = NO;
				ASSETCATALOG_COMPILER_GENERATE_SWIFT_ASSET_SYMBOL_EXTENSIONS = YES;
				CLANG_ANALYZER_NONNULL = YES;
				CLANG_ANALYZER_NUMBER_OBJECT_CONVERSION = YES_AGGRESSIVE;
				CLANG_CXX_LANGUAGE_STANDARD = "gnu++20";
				CLANG_ENABLE_MODULES = YES;
				CLANG_ENABLE_OBJC_ARC = YES;
				CLANG_ENABLE_OBJC_WEAK = YES;
				CLANG_WARN_BLOCK_CAPTURE_AUTORELEASING = YES;
				CLANG_WARN_BOOL_CONVERSION = YES;
				CLANG_WARN_COMMA = YES;
				CLANG_WARN_CONSTANT_CONVERSION = YES;
				CLANG_WARN_DEPRECATED_OBJC_IMPLEMENTATIONS = YES;
				CLANG_WARN_DIRECT_OBJC_ISA_USAGE = YES_ERROR;
				CLANG_WARN_DOCUMENTATION_COMMENTS = YES;
				CLANG_WARN_EMPTY_BODY = YES;
				CLANG_WARN_ENUM_CONVERSION = YES;
				CLANG_WARN_INFINITE_RECURSION = YES;
				CLANG_WARN_INT_CONVERSION = YES;
				CLANG_WARN_NON_LITERAL_NULL_CONVERSION = YES;
				CLANG_WARN_OBJC_IMPLICIT_RETAIN_SELF = YES;
				CLANG_WARN_OBJC_LITERAL_CONVERSION = YES;
				CLANG_WARN_OBJC_ROOT_CLASS = YES_ERROR;
				CLANG_WARN_QUOTED_INCLUDE_IN_FRAMEWORK_HEADER = YES;
				CLANG_WARN_RANGE_LOOP_ANALYSIS = YES;
				CLANG_WARN_STRICT_PROTOTYPES = YES;
				CLANG_WARN_SUSPICIOUS_MOVE = YES;
				CLANG_WARN_UNGUARDED_AVAILABILITY = YES_AGGRESSIVE;
				CLANG_WARN_UNREACHABLE_CODE = YES;
				CLANG_WARN__DUPLICATE_METHOD_MATCH = YES;
				COPY_PHASE_STRIP = NO;
				DEBUG_INFORMATION_FORMAT = dwarf;
				ENABLE_STRICT_OBJC_MSGSEND = YES;
				ENABLE_TESTABILITY = YES;
				GCC_C_LANGUAGE_STANDARD = gnu17;
				GCC_DYNAMIC_NO_PIC = NO;
				GCC_NO_COMMON_BLOCKS = YES;
				GCC_OPTIMIZATION_LEVEL = 0;
				GCC_PREPROCESSOR_DEFINITIONS = (
					"DEBUG=1",
					"$(inherited)",
				);
				GCC_WARN_64_TO_32_BIT_CONVERSION = YES;
				GCC_WARN_ABOUT_RETURN_TYPE = YES_ERROR;
				GCC_WARN_UNDECLARED_SELECTOR = YES;
				GCC_WARN_UNINITIALIZED_AUTOS = YES_AGGRESSIVE;
				GCC_WARN_UNUSED_FUNCTION = YES;
				GCC_WARN_UNUSED_VARIABLE = YES;
				IPHONEOS_DEPLOYMENT_TARGET = 13.0;
				LOCALIZATION_PREFERS_STRING_CATALOGS = YES;
				MTL_ENABLE_DEBUG_INFO = INCLUDE_SOURCE;
				MTL_FAST_MATH = YES;
				ONLY_ACTIVE_ARCH = YES;
				SDKROOT = iphoneos;
				SWIFT_ACTIVE_COMPILATION_CONDITIONS = "DEBUG $(inherited)";
				SWIFT_OPTIMIZATION_LEVEL = "-Onone";
			};
			name = Debug;
		};
		A0EDCB9E2B3539DE0021F94E /* Release */ = {
			isa = XCBuildConfiguration;
			buildSettings = {
				ALWAYS_SEARCH_USER_PATHS = NO;
				ASSETCATALOG_COMPILER_GENERATE_SWIFT_ASSET_SYMBOL_EXTENSIONS = YES;
				CLANG_ANALYZER_NONNULL = YES;
				CLANG_ANALYZER_NUMBER_OBJECT_CONVERSION = YES_AGGRESSIVE;
				CLANG_CXX_LANGUAGE_STANDARD = "gnu++20";
				CLANG_ENABLE_MODULES = YES;
				CLANG_ENABLE_OBJC_ARC = YES;
				CLANG_ENABLE_OBJC_WEAK = YES;
				CLANG_WARN_BLOCK_CAPTURE_AUTORELEASING = YES;
				CLANG_WARN_BOOL_CONVERSION = YES;
				CLANG_WARN_COMMA = YES;
				CLANG_WARN_CONSTANT_CONVERSION = YES;
				CLANG_WARN_DEPRECATED_OBJC_IMPLEMENTATIONS = YES;
				CLANG_WARN_DIRECT_OBJC_ISA_USAGE = YES_ERROR;
				CLANG_WARN_DOCUMENTATION_COMMENTS = YES;
				CLANG_WARN_EMPTY_BODY = YES;
				CLANG_WARN_ENUM_CONVERSION = YES;
				CLANG_WARN_INFINITE_RECURSION = YES;
				CLANG_WARN_INT_CONVERSION = YES;
				CLANG_WARN_NON_LITERAL_NULL_CONVERSION = YES;
				CLANG_WARN_OBJC_IMPLICIT_RETAIN_SELF = YES;
				CLANG_WARN_OBJC_LITERAL_CONVERSION = YES;
				CLANG_WARN_OBJC_ROOT_CLASS = YES_ERROR;
				CLANG_WARN_QUOTED_INCLUDE_IN_FRAMEWORK_HEADER = YES;
				CLANG_WARN_RANGE_LOOP_ANALYSIS = YES;
				CLANG_WARN_STRICT_PROTOTYPES = YES;
				CLANG_WARN_SUSPICIOUS_MOVE = YES;
				CLANG_WARN_UNGUARDED_AVAILABILITY = YES_AGGRESSIVE;
				CLANG_WARN_UNREACHABLE_CODE = YES;
				CLANG_WARN__DUPLICATE_METHOD_MATCH = YES;
				COPY_PHASE_STRIP = NO;
				DEBUG_INFORMATION_FORMAT = "dwarf-with-dsym";
				ENABLE_NS_ASSERTIONS = NO;
				ENABLE_STRICT_OBJC_MSGSEND = YES;
				GCC_C_LANGUAGE_STANDARD = gnu17;
				GCC_NO_COMMON_BLOCKS = YES;
				GCC_WARN_64_TO_32_BIT_CONVERSION = YES;
				GCC_WARN_ABOUT_RETURN_TYPE = YES_ERROR;
				GCC_WARN_UNDECLARED_SELECTOR = YES;
				GCC_WARN_UNINITIALIZED_AUTOS = YES_AGGRESSIVE;
				GCC_WARN_UNUSED_FUNCTION = YES;
				GCC_WARN_UNUSED_VARIABLE = YES;
				IPHONEOS_DEPLOYMENT_TARGET = 13.0;
				LOCALIZATION_PREFERS_STRING_CATALOGS = YES;
				MTL_ENABLE_DEBUG_INFO = NO;
				MTL_FAST_MATH = YES;
				SDKROOT = iphoneos;
				SWIFT_COMPILATION_MODE = wholemodule;
				VALIDATE_PRODUCT = YES;
			};
			name = Release;
		};
		A0EDCBA02B3539DE0021F94E /* Debug */ = {
			isa = XCBuildConfiguration;
			baseConfigurationReference = F6DF093EFBFFB51ACB4E7DA2 /* Pods-iOS-Conf-SG-2024-Demo.debug.xcconfig */;
			buildSettings = {
				ASSETCATALOG_COMPILER_APPICON_NAME = AppIcon;
				ASSETCATALOG_COMPILER_GLOBAL_ACCENT_COLOR_NAME = AccentColor;
				CODE_SIGN_STYLE = Automatic;
				CURRENT_PROJECT_VERSION = 1;
				DEVELOPMENT_TEAM = ZQ7TZ3Q272;
				GENERATE_INFOPLIST_FILE = YES;
				INFOPLIST_FILE = "iOS-Conf-SG-2024-Demo/Info.plist";
				INFOPLIST_KEY_UIApplicationSupportsIndirectInputEvents = YES;
				INFOPLIST_KEY_UILaunchStoryboardName = LaunchScreen;
				INFOPLIST_KEY_UIMainStoryboardFile = Main;
				INFOPLIST_KEY_UISupportedInterfaceOrientations_iPad = "UIInterfaceOrientationPortrait UIInterfaceOrientationPortraitUpsideDown UIInterfaceOrientationLandscapeLeft UIInterfaceOrientationLandscapeRight";
				INFOPLIST_KEY_UISupportedInterfaceOrientations_iPhone = "UIInterfaceOrientationPortrait UIInterfaceOrientationLandscapeLeft UIInterfaceOrientationLandscapeRight";
				LD_RUNPATH_SEARCH_PATHS = (
					"$(inherited)",
					"@executable_path/Frameworks",
				);
				MARKETING_VERSION = 1.0;
				PRODUCT_BUNDLE_IDENTIFIER = "com.yanni.iOS-Conf-SG-2024-Demo";
				PRODUCT_NAME = "$(TARGET_NAME)";
				SWIFT_EMIT_LOC_STRINGS = YES;
				SWIFT_VERSION = 5.0;
				TARGETED_DEVICE_FAMILY = "1,2";
			};
			name = Debug;
		};
		A0EDCBA12B3539DE0021F94E /* Release */ = {
			isa = XCBuildConfiguration;
			baseConfigurationReference = B47C490F07288156FE5BB1BB /* Pods-iOS-Conf-SG-2024-Demo.release.xcconfig */;
			buildSettings = {
				ASSETCATALOG_COMPILER_APPICON_NAME = AppIcon;
				ASSETCATALOG_COMPILER_GLOBAL_ACCENT_COLOR_NAME = AccentColor;
				CODE_SIGN_STYLE = Automatic;
				CURRENT_PROJECT_VERSION = 1;
				DEVELOPMENT_TEAM = ZQ7TZ3Q272;
				GENERATE_INFOPLIST_FILE = YES;
				INFOPLIST_FILE = "iOS-Conf-SG-2024-Demo/Info.plist";
				INFOPLIST_KEY_UIApplicationSupportsIndirectInputEvents = YES;
				INFOPLIST_KEY_UILaunchStoryboardName = LaunchScreen;
				INFOPLIST_KEY_UIMainStoryboardFile = Main;
				INFOPLIST_KEY_UISupportedInterfaceOrientations_iPad = "UIInterfaceOrientationPortrait UIInterfaceOrientationPortraitUpsideDown UIInterfaceOrientationLandscapeLeft UIInterfaceOrientationLandscapeRight";
				INFOPLIST_KEY_UISupportedInterfaceOrientations_iPhone = "UIInterfaceOrientationPortrait UIInterfaceOrientationLandscapeLeft UIInterfaceOrientationLandscapeRight";
				LD_RUNPATH_SEARCH_PATHS = (
					"$(inherited)",
					"@executable_path/Frameworks",
				);
				MARKETING_VERSION = 1.0;
				PRODUCT_BUNDLE_IDENTIFIER = "com.yanni.iOS-Conf-SG-2024-Demo";
				PRODUCT_NAME = "$(TARGET_NAME)";
				SWIFT_EMIT_LOC_STRINGS = YES;
				SWIFT_VERSION = 5.0;
				TARGETED_DEVICE_FAMILY = "1,2";
			};
			name = Release;
		};
		A0EDCBA32B3539DE0021F94E /* Debug */ = {
			isa = XCBuildConfiguration;
			baseConfigurationReference = 8F35C09A82643BF85331D7C3 /* Pods-iOS-Conf-SG-2024-DemoTests.debug.xcconfig */;
			buildSettings = {
				ALWAYS_EMBED_SWIFT_STANDARD_LIBRARIES = YES;
				BUNDLE_LOADER = "$(TEST_HOST)";
				CLANG_ENABLE_MODULES = YES;
				CODE_SIGN_STYLE = Automatic;
				CURRENT_PROJECT_VERSION = 1;
				DEVELOPMENT_TEAM = ZQ7TZ3Q272;
				GENERATE_INFOPLIST_FILE = YES;
				MARKETING_VERSION = 1.0;
				PRODUCT_BUNDLE_IDENTIFIER = "com.yanni.iOS-Conf-SG-2024-DemoTests";
				PRODUCT_NAME = "$(TARGET_NAME)";
				SWIFT_EMIT_LOC_STRINGS = NO;
				SWIFT_OBJC_BRIDGING_HEADER = "iOS-Conf-SG-2024-DemoTests/iOS-Conf-SG-2024-DemoTests-Bridging-Header.h";
				SWIFT_OPTIMIZATION_LEVEL = "-Onone";
				SWIFT_VERSION = 5.0;
				TARGETED_DEVICE_FAMILY = "1,2";
				TEST_HOST = "$(BUILT_PRODUCTS_DIR)/iOS-Conf-SG-2024-Demo.app/$(BUNDLE_EXECUTABLE_FOLDER_PATH)/iOS-Conf-SG-2024-Demo";
			};
			name = Debug;
		};
		A0EDCBA42B3539DE0021F94E /* Release */ = {
			isa = XCBuildConfiguration;
			baseConfigurationReference = 49BFAABB4C45F82055AE3F37 /* Pods-iOS-Conf-SG-2024-DemoTests.release.xcconfig */;
			buildSettings = {
				ALWAYS_EMBED_SWIFT_STANDARD_LIBRARIES = YES;
				BUNDLE_LOADER = "$(TEST_HOST)";
				CLANG_ENABLE_MODULES = YES;
				CODE_SIGN_STYLE = Automatic;
				CURRENT_PROJECT_VERSION = 1;
				DEVELOPMENT_TEAM = ZQ7TZ3Q272;
				GENERATE_INFOPLIST_FILE = YES;
				MARKETING_VERSION = 1.0;
				PRODUCT_BUNDLE_IDENTIFIER = "com.yanni.iOS-Conf-SG-2024-DemoTests";
				PRODUCT_NAME = "$(TARGET_NAME)";
				SWIFT_EMIT_LOC_STRINGS = NO;
				SWIFT_OBJC_BRIDGING_HEADER = "iOS-Conf-SG-2024-DemoTests/iOS-Conf-SG-2024-DemoTests-Bridging-Header.h";
				SWIFT_VERSION = 5.0;
				TARGETED_DEVICE_FAMILY = "1,2";
				TEST_HOST = "$(BUILT_PRODUCTS_DIR)/iOS-Conf-SG-2024-Demo.app/$(BUNDLE_EXECUTABLE_FOLDER_PATH)/iOS-Conf-SG-2024-Demo";
			};
			name = Release;
		};
/* End XCBuildConfiguration section */

/* Begin XCConfigurationList section */
		A0EDCB702B3539DD0021F94E /* Build configuration list for PBXProject "iOS-Conf-SG-2024-Demo" */ = {
			isa = XCConfigurationList;
			buildConfigurations = (
				A0EDCB9D2B3539DE0021F94E /* Debug */,
				A0EDCB9E2B3539DE0021F94E /* Release */,
			);
			defaultConfigurationIsVisible = 0;
			defaultConfigurationName = Release;
		};
		A0EDCB9F2B3539DE0021F94E /* Build configuration list for PBXNativeTarget "iOS-Conf-SG-2024-Demo" */ = {
			isa = XCConfigurationList;
			buildConfigurations = (
				A0EDCBA02B3539DE0021F94E /* Debug */,
				A0EDCBA12B3539DE0021F94E /* Release */,
			);
			defaultConfigurationIsVisible = 0;
			defaultConfigurationName = Release;
		};
		A0EDCBA22B3539DE0021F94E /* Build configuration list for PBXNativeTarget "iOS-Conf-SG-2024-DemoTests" */ = {
			isa = XCConfigurationList;
			buildConfigurations = (
				A0EDCBA32B3539DE0021F94E /* Debug */,
				A0EDCBA42B3539DE0021F94E /* Release */,
			);
			defaultConfigurationIsVisible = 0;
			defaultConfigurationName = Release;
		};
/* End XCConfigurationList section */
	};
	rootObject = A0EDCB6D2B3539DD0021F94E /* Project object */;
}
